
Microsoft Visual Studio Solution File, Format Version 12.00
Project("{FAE04EC0-301F-11D3-BF4B-00C04F79EFBC}") = "StreamerBotTangia", "StreamerBotTangia\StreamerBotTangia.csproj", "{D4E40BCD-2929-4736-B30A-2B10DF1D1B36}"
EndProject
Global
	GlobalSection(SolutionConfigurationPlatforms) = preSolution
		Debug|Any CPU = Debug|Any CPU
		Release|Any CPU = Release|Any CPU
	EndGlobalSection
	GlobalSection(ProjectConfigurationPlatforms) = postSolution
		{D4E40BCD-2929-4736-B30A-2B10DF1D1B36}.Debug|Any CPU.ActiveCfg = Debug|Any CPU
		{D4E40BCD-2929-4736-B30A-2B10DF1D1B36}.Debug|Any CPU.Build.0 = Debug|Any CPU
		{D4E40BCD-2929-4736-B30A-2B10DF1D1B36}.Release|Any CPU.ActiveCfg = Release|Any CPU
		{D4E40BCD-2929-4736-B30A-2B10DF1D1B36}.Release|Any CPU.Build.0 = Release|Any CPU
	EndGlobalSection
EndGlobal
